// !$*UTF8*$!
{
	archiveVersion = 1;
	classes = {
	};
	objectVersion = 54;
	objects = {

/* Begin PBXBuildFile section */
		11A719E1C83B432F90D7E06A /* libPods-Test.a in Frameworks */ = {isa = PBXBuildFile; fileRef = 214042F0BAE215607E97F94B /* libPods-Test.a */; };
		7B2A712E268B0FE500C9944E /* AppDelegate.swift in Sources */ = {isa = PBXBuildFile; fileRef = 7B2A712D268B0FE500C9944E /* AppDelegate.swift */; };
		7B2A7137268B0FE600C9944E /* Assets.xcassets in Resources */ = {isa = PBXBuildFile; fileRef = 7B2A7136268B0FE600C9944E /* Assets.xcassets */; };
		7B2A713A268B0FE600C9944E /* LaunchScreen.storyboard in Resources */ = {isa = PBXBuildFile; fileRef = 7B2A7138268B0FE600C9944E /* LaunchScreen.storyboard */; };
		7B2A7145268B157A00C9944E /* APIError.swift in Sources */ = {isa = PBXBuildFile; fileRef = 7B2A7144268B157A00C9944E /* APIError.swift */; };
		7B2A7147268B15A200C9944E /* ErrorModel.swift in Sources */ = {isa = PBXBuildFile; fileRef = 7B2A7146268B15A200C9944E /* ErrorModel.swift */; };
		7B2A714D268B162C00C9944E /* StandardService.swift in Sources */ = {isa = PBXBuildFile; fileRef = 7B2A714C268B162C00C9944E /* StandardService.swift */; };
		7B2A714F268B16B300C9944E /* APIManager.swift in Sources */ = {isa = PBXBuildFile; fileRef = 7B2A714E268B16B300C9944E /* APIManager.swift */; };
		7B2A7151268B175D00C9944E /* Constant.swift in Sources */ = {isa = PBXBuildFile; fileRef = 7B2A7150268B175D00C9944E /* Constant.swift */; };
		7B2A7153268B17AA00C9944E /* Extensions.swift in Sources */ = {isa = PBXBuildFile; fileRef = 7B2A7152268B17AA00C9944E /* Extensions.swift */; };
		7B2A7155268B184500C9944E /* Coordinator.swift in Sources */ = {isa = PBXBuildFile; fileRef = 7B2A7154268B184500C9944E /* Coordinator.swift */; };
		7B2A715A268B189400C9944E /* APIRouter.swift in Sources */ = {isa = PBXBuildFile; fileRef = 7B2A7159268B189400C9944E /* APIRouter.swift */; };
		7B2A715D268B1C7D00C9944E /* AppCoordinator.swift in Sources */ = {isa = PBXBuildFile; fileRef = 7B2A715C268B1C7D00C9944E /* AppCoordinator.swift */; };
		7B2A7160268B1F5300C9944E /* HomeCoordinator.swift in Sources */ = {isa = PBXBuildFile; fileRef = 7B2A715F268B1F5300C9944E /* HomeCoordinator.swift */; };
		7B2A7163268B1FDD00C9944E /* HomeViewController.swift in Sources */ = {isa = PBXBuildFile; fileRef = 7B2A7162268B1FDD00C9944E /* HomeViewController.swift */; };
		7B2A7165268B202400C9944E /* HomeView.swift in Sources */ = {isa = PBXBuildFile; fileRef = 7B2A7164268B202400C9944E /* HomeView.swift */; };
		7B2A7168268B226900C9944E /* HomeViewModel.swift in Sources */ = {isa = PBXBuildFile; fileRef = 7B2A7167268B226900C9944E /* HomeViewModel.swift */; };
		7B2A716B268B33AC00C9944E /* ImageCell.swift in Sources */ = {isa = PBXBuildFile; fileRef = 7B2A716A268B33AC00C9944E /* ImageCell.swift */; };
		7B2A716D268B53FE00C9944E /* PhotoModel.swift in Sources */ = {isa = PBXBuildFile; fileRef = 7B2A716C268B53FE00C9944E /* PhotoModel.swift */; };
		7B2A716F268C53E400C9944E /* Localizable.strings in Resources */ = {isa = PBXBuildFile; fileRef = 7B2A716E268C53E400C9944E /* Localizable.strings */; };
/* End PBXBuildFile section */

/* Begin PBXFileReference section */
		214042F0BAE215607E97F94B /* libPods-Test.a */ = {isa = PBXFileReference; explicitFileType = archive.ar; includeInIndex = 0; path = "libPods-Test.a"; sourceTree = BUILT_PRODUCTS_DIR; };
		7B2A712A268B0FE500C9944E /* Test.app */ = {isa = PBXFileReference; explicitFileType = wrapper.application; includeInIndex = 0; path = Test.app; sourceTree = BUILT_PRODUCTS_DIR; };
		7B2A712D268B0FE500C9944E /* AppDelegate.swift */ = {isa = PBXFileReference; lastKnownFileType = sourcecode.swift; path = AppDelegate.swift; sourceTree = "<group>"; };
		7B2A7136268B0FE600C9944E /* Assets.xcassets */ = {isa = PBXFileReference; lastKnownFileType = folder.assetcatalog; path = Assets.xcassets; sourceTree = "<group>"; };
		7B2A7139268B0FE600C9944E /* Base */ = {isa = PBXFileReference; lastKnownFileType = file.storyboard; name = Base; path = Base.lproj/LaunchScreen.storyboard; sourceTree = "<group>"; };
		7B2A713B268B0FE600C9944E /* Info.plist */ = {isa = PBXFileReference; lastKnownFileType = text.plist.xml; path = Info.plist; sourceTree = "<group>"; };
		7B2A7144268B157A00C9944E /* APIError.swift */ = {isa = PBXFileReference; lastKnownFileType = sourcecode.swift; path = APIError.swift; sourceTree = "<group>"; };
		7B2A7146268B15A200C9944E /* ErrorModel.swift */ = {isa = PBXFileReference; lastKnownFileType = sourcecode.swift; path = ErrorModel.swift; sourceTree = "<group>"; };
		7B2A714C268B162C00C9944E /* StandardService.swift */ = {isa = PBXFileReference; lastKnownFileType = sourcecode.swift; path = StandardService.swift; sourceTree = "<group>"; };
		7B2A714E268B16B300C9944E /* APIManager.swift */ = {isa = PBXFileReference; lastKnownFileType = sourcecode.swift; path = APIManager.swift; sourceTree = "<group>"; };
		7B2A7150268B175D00C9944E /* Constant.swift */ = {isa = PBXFileReference; lastKnownFileType = sourcecode.swift; path = Constant.swift; sourceTree = "<group>"; };
		7B2A7152268B17AA00C9944E /* Extensions.swift */ = {isa = PBXFileReference; lastKnownFileType = sourcecode.swift; path = Extensions.swift; sourceTree = "<group>"; };
		7B2A7154268B184500C9944E /* Coordinator.swift */ = {isa = PBXFileReference; lastKnownFileType = sourcecode.swift; path = Coordinator.swift; sourceTree = "<group>"; };
		7B2A7159268B189400C9944E /* APIRouter.swift */ = {isa = PBXFileReference; lastKnownFileType = sourcecode.swift; path = APIRouter.swift; sourceTree = "<group>"; };
		7B2A715C268B1C7D00C9944E /* AppCoordinator.swift */ = {isa = PBXFileReference; lastKnownFileType = sourcecode.swift; path = AppCoordinator.swift; sourceTree = "<group>"; };
		7B2A715F268B1F5300C9944E /* HomeCoordinator.swift */ = {isa = PBXFileReference; lastKnownFileType = sourcecode.swift; path = HomeCoordinator.swift; sourceTree = "<group>"; };
		7B2A7162268B1FDD00C9944E /* HomeViewController.swift */ = {isa = PBXFileReference; lastKnownFileType = sourcecode.swift; path = HomeViewController.swift; sourceTree = "<group>"; };
		7B2A7164268B202400C9944E /* HomeView.swift */ = {isa = PBXFileReference; lastKnownFileType = sourcecode.swift; path = HomeView.swift; sourceTree = "<group>"; };
		7B2A7167268B226900C9944E /* HomeViewModel.swift */ = {isa = PBXFileReference; lastKnownFileType = sourcecode.swift; path = HomeViewModel.swift; sourceTree = "<group>"; };
		7B2A716A268B33AC00C9944E /* ImageCell.swift */ = {isa = PBXFileReference; lastKnownFileType = sourcecode.swift; path = ImageCell.swift; sourceTree = "<group>"; };
		7B2A716C268B53FE00C9944E /* PhotoModel.swift */ = {isa = PBXFileReference; lastKnownFileType = sourcecode.swift; path = PhotoModel.swift; sourceTree = "<group>"; };
		7B2A716E268C53E400C9944E /* Localizable.strings */ = {isa = PBXFileReference; lastKnownFileType = text.plist.strings; path = Localizable.strings; sourceTree = "<group>"; };
		EC458CBA11CDF159D3189A0B /* Pods-Test.debug.xcconfig */ = {isa = PBXFileReference; includeInIndex = 1; lastKnownFileType = text.xcconfig; name = "Pods-Test.debug.xcconfig"; path = "Target Support Files/Pods-Test/Pods-Test.debug.xcconfig"; sourceTree = "<group>"; };
		F9493AB8CA68D58E24CA1DFB /* Pods-Test.release.xcconfig */ = {isa = PBXFileReference; includeInIndex = 1; lastKnownFileType = text.xcconfig; name = "Pods-Test.release.xcconfig"; path = "Target Support Files/Pods-Test/Pods-Test.release.xcconfig"; sourceTree = "<group>"; };
/* End PBXFileReference section */

/* Begin PBXFrameworksBuildPhase section */
		7B2A7127268B0FE500C9944E /* Frameworks */ = {
			isa = PBXFrameworksBuildPhase;
			buildActionMask = 2147483647;
			files = (
				11A719E1C83B432F90D7E06A /* libPods-Test.a in Frameworks */,
			);
			runOnlyForDeploymentPostprocessing = 0;
		};
/* End PBXFrameworksBuildPhase section */

/* Begin PBXGroup section */
		0F6E33D746303949EC293AD1 /* Frameworks */ = {
			isa = PBXGroup;
			children = (
				214042F0BAE215607E97F94B /* libPods-Test.a */,
			);
			name = Frameworks;
			sourceTree = "<group>";
		};
		5DFC9A38CD85F6E0258494DD /* Pods */ = {
			isa = PBXGroup;
			children = (
				EC458CBA11CDF159D3189A0B /* Pods-Test.debug.xcconfig */,
				F9493AB8CA68D58E24CA1DFB /* Pods-Test.release.xcconfig */,
			);
			path = Pods;
			sourceTree = "<group>";
		};
		7B2A7121268B0FE400C9944E = {
			isa = PBXGroup;
			children = (
				7B2A712C268B0FE500C9944E /* Test */,
				7B2A712B268B0FE500C9944E /* Products */,
				5DFC9A38CD85F6E0258494DD /* Pods */,
				0F6E33D746303949EC293AD1 /* Frameworks */,
			);
			sourceTree = "<group>";
		};
		7B2A712B268B0FE500C9944E /* Products */ = {
			isa = PBXGroup;
			children = (
				7B2A712A268B0FE500C9944E /* Test.app */,
			);
			name = Products;
			sourceTree = "<group>";
		};
		7B2A712C268B0FE500C9944E /* Test */ = {
			isa = PBXGroup;
			children = (
				7B2A712D268B0FE500C9944E /* AppDelegate.swift */,
				7B2A7141268B153C00C9944E /* Base */,
				7B2A715B268B1C5300C9944E /* UsesCases */,
				7B2A7136268B0FE600C9944E /* Assets.xcassets */,
				7B2A7138268B0FE600C9944E /* LaunchScreen.storyboard */,
				7B2A716E268C53E400C9944E /* Localizable.strings */,
				7B2A713B268B0FE600C9944E /* Info.plist */,
			);
			path = Test;
			sourceTree = "<group>";
		};
		7B2A7141268B153C00C9944E /* Base */ = {
			isa = PBXGroup;
			children = (
				7B2A7142268B154D00C9944E /* API */,
				7B2A7150268B175D00C9944E /* Constant.swift */,
				7B2A7152268B17AA00C9944E /* Extensions.swift */,
				7B2A7154268B184500C9944E /* Coordinator.swift */,
			);
			path = Base;
			sourceTree = "<group>";
		};
		7B2A7142268B154D00C9944E /* API */ = {
			isa = PBXGroup;
			children = (
				7B2A7156268B187400C9944E /* Router */,
				7B2A714B268B161800C9944E /* Service */,
				7B2A7143268B156200C9944E /* Error */,
				7B2A714E268B16B300C9944E /* APIManager.swift */,
			);
			path = API;
			sourceTree = "<group>";
		};
		7B2A7143268B156200C9944E /* Error */ = {
			isa = PBXGroup;
			children = (
				7B2A7144268B157A00C9944E /* APIError.swift */,
				7B2A7146268B15A200C9944E /* ErrorModel.swift */,
			);
			path = Error;
			sourceTree = "<group>";
		};
		7B2A714B268B161800C9944E /* Service */ = {
			isa = PBXGroup;
			children = (
				7B2A714C268B162C00C9944E /* StandardService.swift */,
			);
			path = Service;
			sourceTree = "<group>";
		};
		7B2A7156268B187400C9944E /* Router */ = {
			isa = PBXGroup;
			children = (
				7B2A7159268B189400C9944E /* APIRouter.swift */,
			);
			path = Router;
			sourceTree = "<group>";
		};
		7B2A715B268B1C5300C9944E /* UsesCases */ = {
			isa = PBXGroup;
			children = (
				7B2A715C268B1C7D00C9944E /* AppCoordinator.swift */,
				7B2A715E268B1F3B00C9944E /* Home */,
			);
			path = UsesCases;
			sourceTree = "<group>";
		};
		7B2A715E268B1F3B00C9944E /* Home */ = {
			isa = PBXGroup;
			children = (
				7B2A7166268B225400C9944E /* ViewModel */,
				7B2A7161268B1FAF00C9944E /* Views */,
				7B2A715F268B1F5300C9944E /* HomeCoordinator.swift */,
			);
			path = Home;
			sourceTree = "<group>";
		};
		7B2A7161268B1FAF00C9944E /* Views */ = {
			isa = PBXGroup;
			children = (
				7B2A7169268B338D00C9944E /* CollectionViewCell */,
				7B2A7162268B1FDD00C9944E /* HomeViewController.swift */,
				7B2A7164268B202400C9944E /* HomeView.swift */,
			);
			path = Views;
			sourceTree = "<group>";
		};
		7B2A7166268B225400C9944E /* ViewModel */ = {
			isa = PBXGroup;
			children = (
				7B2A7167268B226900C9944E /* HomeViewModel.swift */,
				7B2A716C268B53FE00C9944E /* PhotoModel.swift */,
			);
			path = ViewModel;
			sourceTree = "<group>";
		};
		7B2A7169268B338D00C9944E /* CollectionViewCell */ = {
			isa = PBXGroup;
			children = (
				7B2A716A268B33AC00C9944E /* ImageCell.swift */,
			);
			path = CollectionViewCell;
			sourceTree = "<group>";
		};
/* End PBXGroup section */

/* Begin PBXNativeTarget section */
		7B2A7129268B0FE500C9944E /* Test */ = {
			isa = PBXNativeTarget;
			buildConfigurationList = 7B2A713E268B0FE600C9944E /* Build configuration list for PBXNativeTarget "Test" */;
			buildPhases = (
				9F311E9DDBCDFF4998922905 /* [CP] Check Pods Manifest.lock */,
				7B2A7126268B0FE500C9944E /* Sources */,
				7B2A7127268B0FE500C9944E /* Frameworks */,
				7B2A7128268B0FE500C9944E /* Resources */,
			);
			buildRules = (
			);
			dependencies = (
			);
			name = Test;
			productName = Test;
			productReference = 7B2A712A268B0FE500C9944E /* Test.app */;
			productType = "com.apple.product-type.application";
		};
/* End PBXNativeTarget section */

/* Begin PBXProject section */
		7B2A7122268B0FE400C9944E /* Project object */ = {
			isa = PBXProject;
			attributes = {
				LastSwiftUpdateCheck = 1250;
				LastUpgradeCheck = 1250;
				TargetAttributes = {
					7B2A7129268B0FE500C9944E = {
						CreatedOnToolsVersion = 12.5.1;
					};
				};
			};
			buildConfigurationList = 7B2A7125268B0FE400C9944E /* Build configuration list for PBXProject "Test" */;
			compatibilityVersion = "Xcode 12.0";
			developmentRegion = en;
			hasScannedForEncodings = 0;
			knownRegions = (
				en,
				Base,
			);
			mainGroup = 7B2A7121268B0FE400C9944E;
			productRefGroup = 7B2A712B268B0FE500C9944E /* Products */;
			projectDirPath = "";
			projectRoot = "";
			targets = (
				7B2A7129268B0FE500C9944E /* Test */,
			);
		};
/* End PBXProject section */

/* Begin PBXResourcesBuildPhase section */
		7B2A7128268B0FE500C9944E /* Resources */ = {
			isa = PBXResourcesBuildPhase;
			buildActionMask = 2147483647;
			files = (
				7B2A713A268B0FE600C9944E /* LaunchScreen.storyboard in Resources */,
				7B2A716F268C53E400C9944E /* Localizable.strings in Resources */,
				7B2A7137268B0FE600C9944E /* Assets.xcassets in Resources */,
			);
			runOnlyForDeploymentPostprocessing = 0;
		};
/* End PBXResourcesBuildPhase section */

/* Begin PBXShellScriptBuildPhase section */
		9F311E9DDBCDFF4998922905 /* [CP] Check Pods Manifest.lock */ = {
			isa = PBXShellScriptBuildPhase;
			buildActionMask = 2147483647;
			files = (
			);
			inputFileListPaths = (
			);
			inputPaths = (
				"${PODS_PODFILE_DIR_PATH}/Podfile.lock",
				"${PODS_ROOT}/Manifest.lock",
			);
			name = "[CP] Check Pods Manifest.lock";
			outputFileListPaths = (
			);
			outputPaths = (
				"$(DERIVED_FILE_DIR)/Pods-Test-checkManifestLockResult.txt",
			);
			runOnlyForDeploymentPostprocessing = 0;
			shellPath = /bin/sh;
			shellScript = "diff \"${PODS_PODFILE_DIR_PATH}/Podfile.lock\" \"${PODS_ROOT}/Manifest.lock\" > /dev/null\nif [ $? != 0 ] ; then\n    # print error to STDERR\n    echo \"error: The sandbox is not in sync with the Podfile.lock. Run 'pod install' or update your CocoaPods installation.\" >&2\n    exit 1\nfi\n# This output is used by Xcode 'outputs' to avoid re-running this script phase.\necho \"SUCCESS\" > \"${SCRIPT_OUTPUT_FILE_0}\"\n";
			showEnvVarsInLog = 0;
		};
/* End PBXShellScriptBuildPhase section */

/* Begin PBXSourcesBuildPhase section */
		7B2A7126268B0FE500C9944E /* Sources */ = {
			isa = PBXSourcesBuildPhase;
			buildActionMask = 2147483647;
			files = (
				7B2A7151268B175D00C9944E /* Constant.swift in Sources */,
				7B2A715A268B189400C9944E /* APIRouter.swift in Sources */,
				7B2A7165268B202400C9944E /* HomeView.swift in Sources */,
				7B2A715D268B1C7D00C9944E /* AppCoordinator.swift in Sources */,
				7B2A714F268B16B300C9944E /* APIManager.swift in Sources */,
				7B2A714D268B162C00C9944E /* StandardService.swift in Sources */,
				7B2A716D268B53FE00C9944E /* PhotoModel.swift in Sources */,
				7B2A7153268B17AA00C9944E /* Extensions.swift in Sources */,
				7B2A712E268B0FE500C9944E /* AppDelegate.swift in Sources */,
				7B2A7147268B15A200C9944E /* ErrorModel.swift in Sources */,
				7B2A7168268B226900C9944E /* HomeViewModel.swift in Sources */,
				7B2A7145268B157A00C9944E /* APIError.swift in Sources */,
				7B2A7155268B184500C9944E /* Coordinator.swift in Sources */,
				7B2A7160268B1F5300C9944E /* HomeCoordinator.swift in Sources */,
				7B2A7163268B1FDD00C9944E /* HomeViewController.swift in Sources */,
				7B2A716B268B33AC00C9944E /* ImageCell.swift in Sources */,
			);
			runOnlyForDeploymentPostprocessing = 0;
		};
/* End PBXSourcesBuildPhase section */

/* Begin PBXVariantGroup section */
		7B2A7138268B0FE600C9944E /* LaunchScreen.storyboard */ = {
			isa = PBXVariantGroup;
			children = (
				7B2A7139268B0FE600C9944E /* Base */,
			);
			name = LaunchScreen.storyboard;
			sourceTree = "<group>";
		};
/* End PBXVariantGroup section */

/* Begin XCBuildConfiguration section */
		7B2A713C268B0FE600C9944E /* Debug */ = {
			isa = XCBuildConfiguration;
			buildSettings = {
				ALWAYS_SEARCH_USER_PATHS = NO;
				CLANG_ANALYZER_NONNULL = YES;
				CLANG_ANALYZER_NUMBER_OBJECT_CONVERSION = YES_AGGRESSIVE;
				CLANG_CXX_LANGUAGE_STANDARD = "gnu++14";
				CLANG_CXX_LIBRARY = "libc++";
				CLANG_ENABLE_MODULES = YES;
				CLANG_ENABLE_OBJC_ARC = YES;
				CLANG_ENABLE_OBJC_WEAK = YES;
				CLANG_WARN_BLOCK_CAPTURE_AUTORELEASING = YES;
				CLANG_WARN_BOOL_CONVERSION = YES;
				CLANG_WARN_COMMA = YES;
				CLANG_WARN_CONSTANT_CONVERSION = YES;
				CLANG_WARN_DEPRECATED_OBJC_IMPLEMENTATIONS = YES;
				CLANG_WARN_DIRECT_OBJC_ISA_USAGE = YES_ERROR;
				CLANG_WARN_DOCUMENTATION_COMMENTS = YES;
				CLANG_WARN_EMPTY_BODY = YES;
				CLANG_WARN_ENUM_CONVERSION = YES;
				CLANG_WARN_INFINITE_RECURSION = YES;
				CLANG_WARN_INT_CONVERSION = YES;
				CLANG_WARN_NON_LITERAL_NULL_CONVERSION = YES;
				CLANG_WARN_OBJC_IMPLICIT_RETAIN_SELF = YES;
				CLANG_WARN_OBJC_LITERAL_CONVERSION = YES;
				CLANG_WARN_OBJC_ROOT_CLASS = YES_ERROR;
				CLANG_WARN_QUOTED_INCLUDE_IN_FRAMEWORK_HEADER = YES;
				CLANG_WARN_RANGE_LOOP_ANALYSIS = YES;
				CLANG_WARN_STRICT_PROTOTYPES = YES;
				CLANG_WARN_SUSPICIOUS_MOVE = YES;
				CLANG_WARN_UNGUARDED_AVAILABILITY = YES_AGGRESSIVE;
				CLANG_WARN_UNREACHABLE_CODE = YES;
				CLANG_WARN__DUPLICATE_METHOD_MATCH = YES;
				COPY_PHASE_STRIP = NO;
				DEBUG_INFORMATION_FORMAT = dwarf;
				ENABLE_STRICT_OBJC_MSGSEND = YES;
				ENABLE_TESTABILITY = YES;
				GCC_C_LANGUAGE_STANDARD = gnu11;
				GCC_DYNAMIC_NO_PIC = NO;
				GCC_NO_COMMON_BLOCKS = YES;
				GCC_OPTIMIZATION_LEVEL = 0;
				GCC_PREPROCESSOR_DEFINITIONS = (
					"DEBUG=1",
					"$(inherited)",
				);
				GCC_WARN_64_TO_32_BIT_CONVERSION = YES;
				GCC_WARN_ABOUT_RETURN_TYPE = YES_ERROR;
				GCC_WARN_UNDECLARED_SELECTOR = YES;
				GCC_WARN_UNINITIALIZED_AUTOS = YES_AGGRESSIVE;
				GCC_WARN_UNUSED_FUNCTION = YES;
				GCC_WARN_UNUSED_VARIABLE = YES;
				IPHONEOS_DEPLOYMENT_TARGET = 13.0;
				MTL_ENABLE_DEBUG_INFO = INCLUDE_SOURCE;
				MTL_FAST_MATH = YES;
				ONLY_ACTIVE_ARCH = YES;
				SDKROOT = iphoneos;
				SWIFT_ACTIVE_COMPILATION_CONDITIONS = DEBUG;
				SWIFT_OPTIMIZATION_LEVEL = "-Onone";
			};
			name = Debug;
		};
		7B2A713D268B0FE600C9944E /* Release */ = {
			isa = XCBuildConfiguration;
			buildSettings = {
				ALWAYS_SEARCH_USER_PATHS = NO;
				CLANG_ANALYZER_NONNULL = YES;
				CLANG_ANALYZER_NUMBER_OBJECT_CONVERSION = YES_AGGRESSIVE;
				CLANG_CXX_LANGUAGE_STANDARD = "gnu++14";
				CLANG_CXX_LIBRARY = "libc++";
				CLANG_ENABLE_MODULES = YES;
				CLANG_ENABLE_OBJC_ARC = YES;
				CLANG_ENABLE_OBJC_WEAK = YES;
				CLANG_WARN_BLOCK_CAPTURE_AUTORELEASING = YES;
				CLANG_WARN_BOOL_CONVERSION = YES;
				CLANG_WARN_COMMA = YES;
				CLANG_WARN_CONSTANT_CONVERSION = YES;
				CLANG_WARN_DEPRECATED_OBJC_IMPLEMENTATIONS = YES;
				CLANG_WARN_DIRECT_OBJC_ISA_USAGE = YES_ERROR;
				CLANG_WARN_DOCUMENTATION_COMMENTS = YES;
				CLANG_WARN_EMPTY_BODY = YES;
				CLANG_WARN_ENUM_CONVERSION = YES;
				CLANG_WARN_INFINITE_RECURSION = YES;
				CLANG_WARN_INT_CONVERSION = YES;
				CLANG_WARN_NON_LITERAL_NULL_CONVERSION = YES;
				CLANG_WARN_OBJC_IMPLICIT_RETAIN_SELF = YES;
				CLANG_WARN_OBJC_LITERAL_CONVERSION = YES;
				CLANG_WARN_OBJC_ROOT_CLASS = YES_ERROR;
				CLANG_WARN_QUOTED_INCLUDE_IN_FRAMEWORK_HEADER = YES;
				CLANG_WARN_RANGE_LOOP_ANALYSIS = YES;
				CLANG_WARN_STRICT_PROTOTYPES = YES;
				CLANG_WARN_SUSPICIOUS_MOVE = YES;
				CLANG_WARN_UNGUARDED_AVAILABILITY = YES_AGGRESSIVE;
				CLANG_WARN_UNREACHABLE_CODE = YES;
				CLANG_WARN__DUPLICATE_METHOD_MATCH = YES;
				COPY_PHASE_STRIP = NO;
				DEBUG_INFORMATION_FORMAT = "dwarf-with-dsym";
				ENABLE_NS_ASSERTIONS = NO;
				ENABLE_STRICT_OBJC_MSGSEND = YES;
				GCC_C_LANGUAGE_STANDARD = gnu11;
				GCC_NO_COMMON_BLOCKS = YES;
				GCC_WARN_64_TO_32_BIT_CONVERSION = YES;
				GCC_WARN_ABOUT_RETURN_TYPE = YES_ERROR;
				GCC_WARN_UNDECLARED_SELECTOR = YES;
				GCC_WARN_UNINITIALIZED_AUTOS = YES_AGGRESSIVE;
				GCC_WARN_UNUSED_FUNCTION = YES;
				GCC_WARN_UNUSED_VARIABLE = YES;
				IPHONEOS_DEPLOYMENT_TARGET = 13.0;
				MTL_ENABLE_DEBUG_INFO = NO;
				MTL_FAST_MATH = YES;
				SDKROOT = iphoneos;
				SWIFT_COMPILATION_MODE = wholemodule;
				SWIFT_OPTIMIZATION_LEVEL = "-O";
				VALIDATE_PRODUCT = YES;
			};
			name = Release;
		};
		7B2A713F268B0FE600C9944E /* Debug */ = {
			isa = XCBuildConfiguration;
			baseConfigurationReference = EC458CBA11CDF159D3189A0B /* Pods-Test.debug.xcconfig */;
			buildSettings = {
				ASSETCATALOG_COMPILER_APPICON_NAME = AppIcon;
				ASSETCATALOG_COMPILER_GLOBAL_ACCENT_COLOR_NAME = AccentColor;
				CODE_SIGN_STYLE = Automatic;
				DEVELOPMENT_TEAM = KLXGCD4J97;
				INFOPLIST_FILE = Test/Info.plist;
				IPHONEOS_DEPLOYMENT_TARGET = 13.0;
				LD_RUNPATH_SEARCH_PATHS = (
					"$(inherited)",
					"@executable_path/Frameworks",
				);
				PRODUCT_BUNDLE_IDENTIFIER = com.stefanovecchiati.Test;
				PRODUCT_NAME = "$(TARGET_NAME)";
				SWIFT_VERSION = 5.0;
				TARGETED_DEVICE_FAMILY = 1;
			};
			name = Debug;
		};
		7B2A7140268B0FE600C9944E /* Release */ = {
			isa = XCBuildConfiguration;
			baseConfigurationReference = F9493AB8CA68D58E24CA1DFB /* Pods-Test.release.xcconfig */;
			buildSettings = {
				ASSETCATALOG_COMPILER_APPICON_NAME = AppIcon;
				ASSETCATALOG_COMPILER_GLOBAL_ACCENT_COLOR_NAME = AccentColor;
				CODE_SIGN_STYLE = Automatic;
				DEVELOPMENT_TEAM = KLXGCD4J97;
				INFOPLIST_FILE = Test/Info.plist;
				IPHONEOS_DEPLOYMENT_TARGET = 13.0;
				LD_RUNPATH_SEARCH_PATHS = (
					"$(inherited)",
					"@executable_path/Frameworks",
				);
				PRODUCT_BUNDLE_IDENTIFIER = com.stefanovecchiati.Test;
				PRODUCT_NAME = "$(TARGET_NAME)";
				SWIFT_VERSION = 5.0;
				TARGETED_DEVICE_FAMILY = 1;
			};
			name = Release;
		};
/* End XCBuildConfiguration section */

/* Begin XCConfigurationList section */
		7B2A7125268B0FE400C9944E /* Build configuration list for PBXProject "Test" */ = {
			isa = XCConfigurationList;
			buildConfigurations = (
				7B2A713C268B0FE600C9944E /* Debug */,
				7B2A713D268B0FE600C9944E /* Release */,
			);
			defaultConfigurationIsVisible = 0;
			defaultConfigurationName = Release;
		};
		7B2A713E268B0FE600C9944E /* Build configuration list for PBXNativeTarget "Test" */ = {
			isa = XCConfigurationList;
			buildConfigurations = (
				7B2A713F268B0FE600C9944E /* Debug */,
				7B2A7140268B0FE600C9944E /* Release */,
			);
			defaultConfigurationIsVisible = 0;
			defaultConfigurationName = Release;
		};
/* End XCConfigurationList section */
	};
	rootObject = 7B2A7122268B0FE400C9944E /* Project object */;
}
